
Microsoft Visual Studio Solution File, Format Version 12.00
# Visual Studio Version 16
VisualStudioVersion = 16.0.28803.156
MinimumVisualStudioVersion = 10.0.40219.1
Project("{9A19103F-16F7-4668-BE54-9A1E7A4F7556}") = "Core", "src\TestingDemo.Core\Core.csproj", "{C877F65A-2432-4FE0-8E63-CFB869481B4A}"
EndProject
Project("{9A19103F-16F7-4668-BE54-9A1E7A4F7556}") = "ServiceLayer", "src\TestingDemo.ServiceLayer\ServiceLayer.csproj", "{0B5FF675-105C-42A3-BF5D-118C0AE8E405}"
EndProject
Project("{9A19103F-16F7-4668-BE54-9A1E7A4F7556}") = "Repository", "src\TestingDemo.Repository\Repository.csproj", "{FC3EB86B-775C-401F-8F97-D9BCDBDF7DBD}"
EndProject
Project("{9A19103F-16F7-4668-BE54-9A1E7A4F7556}") = "API", "src\TestingDemo.API\API.csproj", "{117FBDB2-1854-438F-BA01-5228C9A5B3EA}"
EndProject
Project("{2150E333-8FDC-42A3-9474-1A3956D46DE8}") = "0. Common", "0. Common", "{F7589824-2F24-4001-92F4-0A7AC1C9ECC0}"
EndProject
Project("{2150E333-8FDC-42A3-9474-1A3956D46DE8}") = "1. Presentation Layer", "1. Presentation Layer", "{3D21DC94-DC06-4C68-BEDB-D85DE44F2948}"
EndProject
Project("{2150E333-8FDC-42A3-9474-1A3956D46DE8}") = "2. Service Layer", "2. Service Layer", "{0A8C48BF-39E4-4F01-A3A9-F3508B114D5D}"
EndProject
Project("{2150E333-8FDC-42A3-9474-1A3956D46DE8}") = "3. Data Layer", "3. Data Layer", "{9CB34AA5-F4B4-4929-81B9-2DAF6B402EE4}"
EndProject
Project("{2150E333-8FDC-42A3-9474-1A3956D46DE8}") = "4. Testing", "4. Testing", "{9D387CED-6368-4859-9C1B-CBBF971D714E}"
EndProject
Project("{FAE04EC0-301F-11D3-BF4B-00C04F79EFBC}") = "UWP", "src\TestingDemo.UWP\UWP.csproj", "{39742894-152C-44AC-8758-9BE9BADF587A}"
EndProject
Project("{2150E333-8FDC-42A3-9474-1A3956D46DE8}") = "UnitTesting", "UnitTesting", "{B9B4A757-3ED8-42D2-8EF9-43625C94EE51}"
EndProject
Project("{2150E333-8FDC-42A3-9474-1A3956D46DE8}") = "End2EndTests", "End2EndTests", "{20F16C0C-BD49-4B18-AED4-FCA9EDB3CA58}"
EndProject
Project("{2150E333-8FDC-42A3-9474-1A3956D46DE8}") = "IntegrationTests", "IntegrationTests", "{E5025BD1-DA9B-4E37-AD10-F5363A657189}"
EndProject
Project("{9A19103F-16F7-4668-BE54-9A1E7A4F7556}") = "ApiTests", "tests\End2EndTests\TestingDemo.ApiIntegrationTests\ApiTests.csproj", "{45B3EB09-B0AE-4B96-8230-5B4BDA4231FE}"
EndProject
Project("{9A19103F-16F7-4668-BE54-9A1E7A4F7556}") = "ServiceLayerIntegrationTests", "tests\IntegrationTests\TestingDemo.ServiceLayerIntegrationTests\ServiceLayerIntegrationTests.csproj", "{B70F5FC7-2153-4E4C-B9AF-73D18AD254FA}"
EndProject
Project("{9A19103F-16F7-4668-BE54-9A1E7A4F7556}") = "ServiceLayerUnitTests", "tests\UnitTests\TestingDemo.ServiceLayerUnitTests\ServiceLayerUnitTests.csproj", "{F0B49350-8E8F-42DD-B9E1-C51B79F948EC}"
EndProject
Project("{9A19103F-16F7-4668-BE54-9A1E7A4F7556}") = "Common", "src\TestingDemo.Common\Common.csproj", "{4BE12350-7605-4405-9EA0-5F07B7B01782}"
EndProject
Project("{FAE04EC0-301F-11D3-BF4B-00C04F79EFBC}") = "WinForms", "src\TestingDemo.WinForms\WinForms.csproj", "{92EA359E-E3AA-4B1E-98A2-D635404D9383}"
EndProject
Project("{2150E333-8FDC-42A3-9474-1A3956D46DE8}") = "PerformanceTests", "PerformanceTests", "{08BB97E7-4E3F-4186-9A1E-DAB6563F9977}"
EndProject
Project("{2150E333-8FDC-42A3-9474-1A3956D46DE8}") = "PerformanceTests", "PerformanceTests", "{8F98A7CC-576A-485E-BF24-B1431A57BA2C}"
EndProject
Project("{FAE04EC0-301F-11D3-BF4B-00C04F79EFBC}") = "BoxOfChockolates", "tests\UnitTests\TestingDemo.BoxOfChockolates\BoxOfChockolates.csproj", "{1AF635BF-D0B9-4831-9A7B-0F8C0AA911C6}"
EndProject
Global
	GlobalSection(SolutionConfigurationPlatforms) = preSolution
		Debug|Any CPU = Debug|Any CPU
		Debug|ARM = Debug|ARM
		Debug|ARM64 = Debug|ARM64
		Debug|x64 = Debug|x64
		Debug|x86 = Debug|x86
		Release|Any CPU = Release|Any CPU
		Release|ARM = Release|ARM
		Release|ARM64 = Release|ARM64
		Release|x64 = Release|x64
		Release|x86 = Release|x86
	EndGlobalSection
	GlobalSection(ProjectConfigurationPlatforms) = postSolution
		{C877F65A-2432-4FE0-8E63-CFB869481B4A}.Debug|Any CPU.ActiveCfg = Debug|Any CPU
		{C877F65A-2432-4FE0-8E63-CFB869481B4A}.Debug|Any CPU.Build.0 = Debug|Any CPU
		{C877F65A-2432-4FE0-8E63-CFB869481B4A}.Debug|ARM.ActiveCfg = Debug|Any CPU
		{C877F65A-2432-4FE0-8E63-CFB869481B4A}.Debug|ARM.Build.0 = Debug|Any CPU
		{C877F65A-2432-4FE0-8E63-CFB869481B4A}.Debug|ARM64.ActiveCfg = Debug|Any CPU
		{C877F65A-2432-4FE0-8E63-CFB869481B4A}.Debug|ARM64.Build.0 = Debug|Any CPU
		{C877F65A-2432-4FE0-8E63-CFB869481B4A}.Debug|x64.ActiveCfg = Debug|Any CPU
		{C877F65A-2432-4FE0-8E63-CFB869481B4A}.Debug|x64.Build.0 = Debug|Any CPU
		{C877F65A-2432-4FE0-8E63-CFB869481B4A}.Debug|x86.ActiveCfg = Debug|Any CPU
		{C877F65A-2432-4FE0-8E63-CFB869481B4A}.Debug|x86.Build.0 = Debug|Any CPU
		{C877F65A-2432-4FE0-8E63-CFB869481B4A}.Release|Any CPU.ActiveCfg = Release|Any CPU
		{C877F65A-2432-4FE0-8E63-CFB869481B4A}.Release|Any CPU.Build.0 = Release|Any CPU
		{C877F65A-2432-4FE0-8E63-CFB869481B4A}.Release|ARM.ActiveCfg = Release|Any CPU
		{C877F65A-2432-4FE0-8E63-CFB869481B4A}.Release|ARM.Build.0 = Release|Any CPU
		{C877F65A-2432-4FE0-8E63-CFB869481B4A}.Release|ARM64.ActiveCfg = Release|Any CPU
		{C877F65A-2432-4FE0-8E63-CFB869481B4A}.Release|ARM64.Build.0 = Release|Any CPU
		{C877F65A-2432-4FE0-8E63-CFB869481B4A}.Release|x64.ActiveCfg = Release|Any CPU
		{C877F65A-2432-4FE0-8E63-CFB869481B4A}.Release|x64.Build.0 = Release|Any CPU
		{C877F65A-2432-4FE0-8E63-CFB869481B4A}.Release|x86.ActiveCfg = Release|Any CPU
		{C877F65A-2432-4FE0-8E63-CFB869481B4A}.Release|x86.Build.0 = Release|Any CPU
		{0B5FF675-105C-42A3-BF5D-118C0AE8E405}.Debug|Any CPU.ActiveCfg = Debug|Any CPU
		{0B5FF675-105C-42A3-BF5D-118C0AE8E405}.Debug|Any CPU.Build.0 = Debug|Any CPU
		{0B5FF675-105C-42A3-BF5D-118C0AE8E405}.Debug|ARM.ActiveCfg = Debug|Any CPU
		{0B5FF675-105C-42A3-BF5D-118C0AE8E405}.Debug|ARM.Build.0 = Debug|Any CPU
		{0B5FF675-105C-42A3-BF5D-118C0AE8E405}.Debug|ARM64.ActiveCfg = Debug|Any CPU
		{0B5FF675-105C-42A3-BF5D-118C0AE8E405}.Debug|ARM64.Build.0 = Debug|Any CPU
		{0B5FF675-105C-42A3-BF5D-118C0AE8E405}.Debug|x64.ActiveCfg = Debug|Any CPU
		{0B5FF675-105C-42A3-BF5D-118C0AE8E405}.Debug|x64.Build.0 = Debug|Any CPU
		{0B5FF675-105C-42A3-BF5D-118C0AE8E405}.Debug|x86.ActiveCfg = Debug|Any CPU
		{0B5FF675-105C-42A3-BF5D-118C0AE8E405}.Debug|x86.Build.0 = Debug|Any CPU
		{0B5FF675-105C-42A3-BF5D-118C0AE8E405}.Release|Any CPU.ActiveCfg = Release|Any CPU
		{0B5FF675-105C-42A3-BF5D-118C0AE8E405}.Release|Any CPU.Build.0 = Release|Any CPU
		{0B5FF675-105C-42A3-BF5D-118C0AE8E405}.Release|ARM.ActiveCfg = Release|Any CPU
		{0B5FF675-105C-42A3-BF5D-118C0AE8E405}.Release|ARM.Build.0 = Release|Any CPU
		{0B5FF675-105C-42A3-BF5D-118C0AE8E405}.Release|ARM64.ActiveCfg = Release|Any CPU
		{0B5FF675-105C-42A3-BF5D-118C0AE8E405}.Release|ARM64.Build.0 = Release|Any CPU
		{0B5FF675-105C-42A3-BF5D-118C0AE8E405}.Release|x64.ActiveCfg = Release|Any CPU
		{0B5FF675-105C-42A3-BF5D-118C0AE8E405}.Release|x64.Build.0 = Release|Any CPU
		{0B5FF675-105C-42A3-BF5D-118C0AE8E405}.Release|x86.ActiveCfg = Release|Any CPU
		{0B5FF675-105C-42A3-BF5D-118C0AE8E405}.Release|x86.Build.0 = Release|Any CPU
		{FC3EB86B-775C-401F-8F97-D9BCDBDF7DBD}.Debug|Any CPU.ActiveCfg = Debug|Any CPU
		{FC3EB86B-775C-401F-8F97-D9BCDBDF7DBD}.Debug|Any CPU.Build.0 = Debug|Any CPU
		{FC3EB86B-775C-401F-8F97-D9BCDBDF7DBD}.Debug|ARM.ActiveCfg = Debug|Any CPU
		{FC3EB86B-775C-401F-8F97-D9BCDBDF7DBD}.Debug|ARM.Build.0 = Debug|Any CPU
		{FC3EB86B-775C-401F-8F97-D9BCDBDF7DBD}.Debug|ARM64.ActiveCfg = Debug|Any CPU
		{FC3EB86B-775C-401F-8F97-D9BCDBDF7DBD}.Debug|ARM64.Build.0 = Debug|Any CPU
		{FC3EB86B-775C-401F-8F97-D9BCDBDF7DBD}.Debug|x64.ActiveCfg = Debug|Any CPU
		{FC3EB86B-775C-401F-8F97-D9BCDBDF7DBD}.Debug|x64.Build.0 = Debug|Any CPU
		{FC3EB86B-775C-401F-8F97-D9BCDBDF7DBD}.Debug|x86.ActiveCfg = Debug|Any CPU
		{FC3EB86B-775C-401F-8F97-D9BCDBDF7DBD}.Debug|x86.Build.0 = Debug|Any CPU
		{FC3EB86B-775C-401F-8F97-D9BCDBDF7DBD}.Release|Any CPU.ActiveCfg = Release|Any CPU
		{FC3EB86B-775C-401F-8F97-D9BCDBDF7DBD}.Release|Any CPU.Build.0 = Release|Any CPU
		{FC3EB86B-775C-401F-8F97-D9BCDBDF7DBD}.Release|ARM.ActiveCfg = Release|Any CPU
		{FC3EB86B-775C-401F-8F97-D9BCDBDF7DBD}.Release|ARM.Build.0 = Release|Any CPU
		{FC3EB86B-775C-401F-8F97-D9BCDBDF7DBD}.Release|ARM64.ActiveCfg = Release|Any CPU
		{FC3EB86B-775C-401F-8F97-D9BCDBDF7DBD}.Release|ARM64.Build.0 = Release|Any CPU
		{FC3EB86B-775C-401F-8F97-D9BCDBDF7DBD}.Release|x64.ActiveCfg = Release|Any CPU
		{FC3EB86B-775C-401F-8F97-D9BCDBDF7DBD}.Release|x64.Build.0 = Release|Any CPU
		{FC3EB86B-775C-401F-8F97-D9BCDBDF7DBD}.Release|x86.ActiveCfg = Release|Any CPU
		{FC3EB86B-775C-401F-8F97-D9BCDBDF7DBD}.Release|x86.Build.0 = Release|Any CPU
		{117FBDB2-1854-438F-BA01-5228C9A5B3EA}.Debug|Any CPU.ActiveCfg = Debug|Any CPU
		{117FBDB2-1854-438F-BA01-5228C9A5B3EA}.Debug|Any CPU.Build.0 = Debug|Any CPU
		{117FBDB2-1854-438F-BA01-5228C9A5B3EA}.Debug|ARM.ActiveCfg = Debug|Any CPU
		{117FBDB2-1854-438F-BA01-5228C9A5B3EA}.Debug|ARM.Build.0 = Debug|Any CPU
		{117FBDB2-1854-438F-BA01-5228C9A5B3EA}.Debug|ARM64.ActiveCfg = Debug|Any CPU
		{117FBDB2-1854-438F-BA01-5228C9A5B3EA}.Debug|ARM64.Build.0 = Debug|Any CPU
		{117FBDB2-1854-438F-BA01-5228C9A5B3EA}.Debug|x64.ActiveCfg = Debug|Any CPU
		{117FBDB2-1854-438F-BA01-5228C9A5B3EA}.Debug|x64.Build.0 = Debug|Any CPU
		{117FBDB2-1854-438F-BA01-5228C9A5B3EA}.Debug|x86.ActiveCfg = Debug|Any CPU
		{117FBDB2-1854-438F-BA01-5228C9A5B3EA}.Debug|x86.Build.0 = Debug|Any CPU
		{117FBDB2-1854-438F-BA01-5228C9A5B3EA}.Release|Any CPU.ActiveCfg = Release|Any CPU
		{117FBDB2-1854-438F-BA01-5228C9A5B3EA}.Release|Any CPU.Build.0 = Release|Any CPU
		{117FBDB2-1854-438F-BA01-5228C9A5B3EA}.Release|ARM.ActiveCfg = Release|Any CPU
		{117FBDB2-1854-438F-BA01-5228C9A5B3EA}.Release|ARM.Build.0 = Release|Any CPU
		{117FBDB2-1854-438F-BA01-5228C9A5B3EA}.Release|ARM64.ActiveCfg = Release|Any CPU
		{117FBDB2-1854-438F-BA01-5228C9A5B3EA}.Release|ARM64.Build.0 = Release|Any CPU
		{117FBDB2-1854-438F-BA01-5228C9A5B3EA}.Release|x64.ActiveCfg = Release|Any CPU
		{117FBDB2-1854-438F-BA01-5228C9A5B3EA}.Release|x64.Build.0 = Release|Any CPU
		{117FBDB2-1854-438F-BA01-5228C9A5B3EA}.Release|x86.ActiveCfg = Release|Any CPU
		{117FBDB2-1854-438F-BA01-5228C9A5B3EA}.Release|x86.Build.0 = Release|Any CPU
		{39742894-152C-44AC-8758-9BE9BADF587A}.Debug|Any CPU.ActiveCfg = Debug|x86
		{39742894-152C-44AC-8758-9BE9BADF587A}.Debug|ARM.ActiveCfg = Debug|ARM
		{39742894-152C-44AC-8758-9BE9BADF587A}.Debug|ARM.Build.0 = Debug|ARM
		{39742894-152C-44AC-8758-9BE9BADF587A}.Debug|ARM.Deploy.0 = Debug|ARM
		{39742894-152C-44AC-8758-9BE9BADF587A}.Debug|ARM64.ActiveCfg = Debug|ARM64
		{39742894-152C-44AC-8758-9BE9BADF587A}.Debug|ARM64.Build.0 = Debug|ARM64
		{39742894-152C-44AC-8758-9BE9BADF587A}.Debug|ARM64.Deploy.0 = Debug|ARM64
		{39742894-152C-44AC-8758-9BE9BADF587A}.Debug|x64.ActiveCfg = Debug|x64
		{39742894-152C-44AC-8758-9BE9BADF587A}.Debug|x64.Build.0 = Debug|x64
		{39742894-152C-44AC-8758-9BE9BADF587A}.Debug|x64.Deploy.0 = Debug|x64
		{39742894-152C-44AC-8758-9BE9BADF587A}.Debug|x86.ActiveCfg = Debug|x86
		{39742894-152C-44AC-8758-9BE9BADF587A}.Debug|x86.Build.0 = Debug|x86
		{39742894-152C-44AC-8758-9BE9BADF587A}.Debug|x86.Deploy.0 = Debug|x86
		{39742894-152C-44AC-8758-9BE9BADF587A}.Release|Any CPU.ActiveCfg = Release|x86
		{39742894-152C-44AC-8758-9BE9BADF587A}.Release|ARM.ActiveCfg = Release|ARM
		{39742894-152C-44AC-8758-9BE9BADF587A}.Release|ARM.Build.0 = Release|ARM
		{39742894-152C-44AC-8758-9BE9BADF587A}.Release|ARM.Deploy.0 = Release|ARM
		{39742894-152C-44AC-8758-9BE9BADF587A}.Release|ARM64.ActiveCfg = Release|ARM64
		{39742894-152C-44AC-8758-9BE9BADF587A}.Release|ARM64.Build.0 = Release|ARM64
		{39742894-152C-44AC-8758-9BE9BADF587A}.Release|ARM64.Deploy.0 = Release|ARM64
		{39742894-152C-44AC-8758-9BE9BADF587A}.Release|x64.ActiveCfg = Release|x64
		{39742894-152C-44AC-8758-9BE9BADF587A}.Release|x64.Build.0 = Release|x64
		{39742894-152C-44AC-8758-9BE9BADF587A}.Release|x64.Deploy.0 = Release|x64
		{39742894-152C-44AC-8758-9BE9BADF587A}.Release|x86.ActiveCfg = Release|x86
		{39742894-152C-44AC-8758-9BE9BADF587A}.Release|x86.Build.0 = Release|x86
		{39742894-152C-44AC-8758-9BE9BADF587A}.Release|x86.Deploy.0 = Release|x86
		{45B3EB09-B0AE-4B96-8230-5B4BDA4231FE}.Debug|Any CPU.ActiveCfg = Debug|Any CPU
		{45B3EB09-B0AE-4B96-8230-5B4BDA4231FE}.Debug|Any CPU.Build.0 = Debug|Any CPU
		{45B3EB09-B0AE-4B96-8230-5B4BDA4231FE}.Debug|ARM.ActiveCfg = Debug|Any CPU
		{45B3EB09-B0AE-4B96-8230-5B4BDA4231FE}.Debug|ARM.Build.0 = Debug|Any CPU
		{45B3EB09-B0AE-4B96-8230-5B4BDA4231FE}.Debug|ARM64.ActiveCfg = Debug|Any CPU
		{45B3EB09-B0AE-4B96-8230-5B4BDA4231FE}.Debug|ARM64.Build.0 = Debug|Any CPU
		{45B3EB09-B0AE-4B96-8230-5B4BDA4231FE}.Debug|x64.ActiveCfg = Debug|Any CPU
		{45B3EB09-B0AE-4B96-8230-5B4BDA4231FE}.Debug|x64.Build.0 = Debug|Any CPU
		{45B3EB09-B0AE-4B96-8230-5B4BDA4231FE}.Debug|x86.ActiveCfg = Debug|Any CPU
		{45B3EB09-B0AE-4B96-8230-5B4BDA4231FE}.Debug|x86.Build.0 = Debug|Any CPU
		{45B3EB09-B0AE-4B96-8230-5B4BDA4231FE}.Release|Any CPU.ActiveCfg = Release|Any CPU
		{45B3EB09-B0AE-4B96-8230-5B4BDA4231FE}.Release|Any CPU.Build.0 = Release|Any CPU
		{45B3EB09-B0AE-4B96-8230-5B4BDA4231FE}.Release|ARM.ActiveCfg = Release|Any CPU
		{45B3EB09-B0AE-4B96-8230-5B4BDA4231FE}.Release|ARM.Build.0 = Release|Any CPU
		{45B3EB09-B0AE-4B96-8230-5B4BDA4231FE}.Release|ARM64.ActiveCfg = Release|Any CPU
		{45B3EB09-B0AE-4B96-8230-5B4BDA4231FE}.Release|ARM64.Build.0 = Release|Any CPU
		{45B3EB09-B0AE-4B96-8230-5B4BDA4231FE}.Release|x64.ActiveCfg = Release|Any CPU
		{45B3EB09-B0AE-4B96-8230-5B4BDA4231FE}.Release|x64.Build.0 = Release|Any CPU
		{45B3EB09-B0AE-4B96-8230-5B4BDA4231FE}.Release|x86.ActiveCfg = Release|Any CPU
		{45B3EB09-B0AE-4B96-8230-5B4BDA4231FE}.Release|x86.Build.0 = Release|Any CPU
		{B70F5FC7-2153-4E4C-B9AF-73D18AD254FA}.Debug|Any CPU.ActiveCfg = Debug|Any CPU
		{B70F5FC7-2153-4E4C-B9AF-73D18AD254FA}.Debug|Any CPU.Build.0 = Debug|Any CPU
		{B70F5FC7-2153-4E4C-B9AF-73D18AD254FA}.Debug|ARM.ActiveCfg = Debug|Any CPU
		{B70F5FC7-2153-4E4C-B9AF-73D18AD254FA}.Debug|ARM.Build.0 = Debug|Any CPU
		{B70F5FC7-2153-4E4C-B9AF-73D18AD254FA}.Debug|ARM64.ActiveCfg = Debug|Any CPU
		{B70F5FC7-2153-4E4C-B9AF-73D18AD254FA}.Debug|ARM64.Build.0 = Debug|Any CPU
		{B70F5FC7-2153-4E4C-B9AF-73D18AD254FA}.Debug|x64.ActiveCfg = Debug|Any CPU
		{B70F5FC7-2153-4E4C-B9AF-73D18AD254FA}.Debug|x64.Build.0 = Debug|Any CPU
		{B70F5FC7-2153-4E4C-B9AF-73D18AD254FA}.Debug|x86.ActiveCfg = Debug|Any CPU
		{B70F5FC7-2153-4E4C-B9AF-73D18AD254FA}.Debug|x86.Build.0 = Debug|Any CPU
		{B70F5FC7-2153-4E4C-B9AF-73D18AD254FA}.Release|Any CPU.ActiveCfg = Release|Any CPU
		{B70F5FC7-2153-4E4C-B9AF-73D18AD254FA}.Release|Any CPU.Build.0 = Release|Any CPU
		{B70F5FC7-2153-4E4C-B9AF-73D18AD254FA}.Release|ARM.ActiveCfg = Release|Any CPU
		{B70F5FC7-2153-4E4C-B9AF-73D18AD254FA}.Release|ARM.Build.0 = Release|Any CPU
		{B70F5FC7-2153-4E4C-B9AF-73D18AD254FA}.Release|ARM64.ActiveCfg = Release|Any CPU
		{B70F5FC7-2153-4E4C-B9AF-73D18AD254FA}.Release|ARM64.Build.0 = Release|Any CPU
		{B70F5FC7-2153-4E4C-B9AF-73D18AD254FA}.Release|x64.ActiveCfg = Release|Any CPU
		{B70F5FC7-2153-4E4C-B9AF-73D18AD254FA}.Release|x64.Build.0 = Release|Any CPU
		{B70F5FC7-2153-4E4C-B9AF-73D18AD254FA}.Release|x86.ActiveCfg = Release|Any CPU
		{B70F5FC7-2153-4E4C-B9AF-73D18AD254FA}.Release|x86.Build.0 = Release|Any CPU
		{F0B49350-8E8F-42DD-B9E1-C51B79F948EC}.Debug|Any CPU.ActiveCfg = Debug|Any CPU
		{F0B49350-8E8F-42DD-B9E1-C51B79F948EC}.Debug|Any CPU.Build.0 = Debug|Any CPU
		{F0B49350-8E8F-42DD-B9E1-C51B79F948EC}.Debug|ARM.ActiveCfg = Debug|Any CPU
		{F0B49350-8E8F-42DD-B9E1-C51B79F948EC}.Debug|ARM.Build.0 = Debug|Any CPU
		{F0B49350-8E8F-42DD-B9E1-C51B79F948EC}.Debug|ARM64.ActiveCfg = Debug|Any CPU
		{F0B49350-8E8F-42DD-B9E1-C51B79F948EC}.Debug|ARM64.Build.0 = Debug|Any CPU
		{F0B49350-8E8F-42DD-B9E1-C51B79F948EC}.Debug|x64.ActiveCfg = Debug|Any CPU
		{F0B49350-8E8F-42DD-B9E1-C51B79F948EC}.Debug|x64.Build.0 = Debug|Any CPU
		{F0B49350-8E8F-42DD-B9E1-C51B79F948EC}.Debug|x86.ActiveCfg = Debug|Any CPU
		{F0B49350-8E8F-42DD-B9E1-C51B79F948EC}.Debug|x86.Build.0 = Debug|Any CPU
		{F0B49350-8E8F-42DD-B9E1-C51B79F948EC}.Release|Any CPU.ActiveCfg = Release|Any CPU
		{F0B49350-8E8F-42DD-B9E1-C51B79F948EC}.Release|Any CPU.Build.0 = Release|Any CPU
		{F0B49350-8E8F-42DD-B9E1-C51B79F948EC}.Release|ARM.ActiveCfg = Release|Any CPU
		{F0B49350-8E8F-42DD-B9E1-C51B79F948EC}.Release|ARM.Build.0 = Release|Any CPU
		{F0B49350-8E8F-42DD-B9E1-C51B79F948EC}.Release|ARM64.ActiveCfg = Release|Any CPU
		{F0B49350-8E8F-42DD-B9E1-C51B79F948EC}.Release|ARM64.Build.0 = Release|Any CPU
		{F0B49350-8E8F-42DD-B9E1-C51B79F948EC}.Release|x64.ActiveCfg = Release|Any CPU
		{F0B49350-8E8F-42DD-B9E1-C51B79F948EC}.Release|x64.Build.0 = Release|Any CPU
		{F0B49350-8E8F-42DD-B9E1-C51B79F948EC}.Release|x86.ActiveCfg = Release|Any CPU
		{F0B49350-8E8F-42DD-B9E1-C51B79F948EC}.Release|x86.Build.0 = Release|Any CPU
		{4BE12350-7605-4405-9EA0-5F07B7B01782}.Debug|Any CPU.ActiveCfg = Debug|Any CPU
		{4BE12350-7605-4405-9EA0-5F07B7B01782}.Debug|Any CPU.Build.0 = Debug|Any CPU
		{4BE12350-7605-4405-9EA0-5F07B7B01782}.Debug|ARM.ActiveCfg = Debug|Any CPU
		{4BE12350-7605-4405-9EA0-5F07B7B01782}.Debug|ARM.Build.0 = Debug|Any CPU
		{4BE12350-7605-4405-9EA0-5F07B7B01782}.Debug|ARM64.ActiveCfg = Debug|Any CPU
		{4BE12350-7605-4405-9EA0-5F07B7B01782}.Debug|ARM64.Build.0 = Debug|Any CPU
		{4BE12350-7605-4405-9EA0-5F07B7B01782}.Debug|x64.ActiveCfg = Debug|Any CPU
		{4BE12350-7605-4405-9EA0-5F07B7B01782}.Debug|x64.Build.0 = Debug|Any CPU
		{4BE12350-7605-4405-9EA0-5F07B7B01782}.Debug|x86.ActiveCfg = Debug|Any CPU
		{4BE12350-7605-4405-9EA0-5F07B7B01782}.Debug|x86.Build.0 = Debug|Any CPU
		{4BE12350-7605-4405-9EA0-5F07B7B01782}.Release|Any CPU.ActiveCfg = Release|Any CPU
		{4BE12350-7605-4405-9EA0-5F07B7B01782}.Release|Any CPU.Build.0 = Release|Any CPU
		{4BE12350-7605-4405-9EA0-5F07B7B01782}.Release|ARM.ActiveCfg = Release|Any CPU
		{4BE12350-7605-4405-9EA0-5F07B7B01782}.Release|ARM.Build.0 = Release|Any CPU
		{4BE12350-7605-4405-9EA0-5F07B7B01782}.Release|ARM64.ActiveCfg = Release|Any CPU
		{4BE12350-7605-4405-9EA0-5F07B7B01782}.Release|ARM64.Build.0 = Release|Any CPU
		{4BE12350-7605-4405-9EA0-5F07B7B01782}.Release|x64.ActiveCfg = Release|Any CPU
		{4BE12350-7605-4405-9EA0-5F07B7B01782}.Release|x64.Build.0 = Release|Any CPU
		{4BE12350-7605-4405-9EA0-5F07B7B01782}.Release|x86.ActiveCfg = Release|Any CPU
		{4BE12350-7605-4405-9EA0-5F07B7B01782}.Release|x86.Build.0 = Release|Any CPU
		{92EA359E-E3AA-4B1E-98A2-D635404D9383}.Debug|Any CPU.ActiveCfg = Debug|Any CPU
		{92EA359E-E3AA-4B1E-98A2-D635404D9383}.Debug|Any CPU.Build.0 = Debug|Any CPU
		{92EA359E-E3AA-4B1E-98A2-D635404D9383}.Debug|ARM.ActiveCfg = Debug|Any CPU
		{92EA359E-E3AA-4B1E-98A2-D635404D9383}.Debug|ARM.Build.0 = Debug|Any CPU
		{92EA359E-E3AA-4B1E-98A2-D635404D9383}.Debug|ARM64.ActiveCfg = Debug|Any CPU
		{92EA359E-E3AA-4B1E-98A2-D635404D9383}.Debug|ARM64.Build.0 = Debug|Any CPU
		{92EA359E-E3AA-4B1E-98A2-D635404D9383}.Debug|x64.ActiveCfg = Debug|Any CPU
		{92EA359E-E3AA-4B1E-98A2-D635404D9383}.Debug|x64.Build.0 = Debug|Any CPU
		{92EA359E-E3AA-4B1E-98A2-D635404D9383}.Debug|x86.ActiveCfg = Debug|Any CPU
		{92EA359E-E3AA-4B1E-98A2-D635404D9383}.Debug|x86.Build.0 = Debug|Any CPU
		{92EA359E-E3AA-4B1E-98A2-D635404D9383}.Release|Any CPU.ActiveCfg = Release|Any CPU
		{92EA359E-E3AA-4B1E-98A2-D635404D9383}.Release|Any CPU.Build.0 = Release|Any CPU
		{92EA359E-E3AA-4B1E-98A2-D635404D9383}.Release|ARM.ActiveCfg = Release|Any CPU
		{92EA359E-E3AA-4B1E-98A2-D635404D9383}.Release|ARM.Build.0 = Release|Any CPU
		{92EA359E-E3AA-4B1E-98A2-D635404D9383}.Release|ARM64.ActiveCfg = Release|Any CPU
		{92EA359E-E3AA-4B1E-98A2-D635404D9383}.Release|ARM64.Build.0 = Release|Any CPU
		{92EA359E-E3AA-4B1E-98A2-D635404D9383}.Release|x64.ActiveCfg = Release|Any CPU
		{92EA359E-E3AA-4B1E-98A2-D635404D9383}.Release|x64.Build.0 = Release|Any CPU
		{92EA359E-E3AA-4B1E-98A2-D635404D9383}.Release|x86.ActiveCfg = Release|Any CPU
		{92EA359E-E3AA-4B1E-98A2-D635404D9383}.Release|x86.Build.0 = Release|Any CPU
		{1AF635BF-D0B9-4831-9A7B-0F8C0AA911C6}.Debug|Any CPU.ActiveCfg = Debug|Any CPU
		{1AF635BF-D0B9-4831-9A7B-0F8C0AA911C6}.Debug|Any CPU.Build.0 = Debug|Any CPU
		{1AF635BF-D0B9-4831-9A7B-0F8C0AA911C6}.Debug|ARM.ActiveCfg = Debug|Any CPU
		{1AF635BF-D0B9-4831-9A7B-0F8C0AA911C6}.Debug|ARM.Build.0 = Debug|Any CPU
		{1AF635BF-D0B9-4831-9A7B-0F8C0AA911C6}.Debug|ARM64.ActiveCfg = Debug|Any CPU
		{1AF635BF-D0B9-4831-9A7B-0F8C0AA911C6}.Debug|ARM64.Build.0 = Debug|Any CPU
		{1AF635BF-D0B9-4831-9A7B-0F8C0AA911C6}.Debug|x64.ActiveCfg = Debug|Any CPU
		{1AF635BF-D0B9-4831-9A7B-0F8C0AA911C6}.Debug|x64.Build.0 = Debug|Any CPU
		{1AF635BF-D0B9-4831-9A7B-0F8C0AA911C6}.Debug|x86.ActiveCfg = Debug|Any CPU
		{1AF635BF-D0B9-4831-9A7B-0F8C0AA911C6}.Debug|x86.Build.0 = Debug|Any CPU
		{1AF635BF-D0B9-4831-9A7B-0F8C0AA911C6}.Release|Any CPU.ActiveCfg = Release|Any CPU
		{1AF635BF-D0B9-4831-9A7B-0F8C0AA911C6}.Release|Any CPU.Build.0 = Release|Any CPU
		{1AF635BF-D0B9-4831-9A7B-0F8C0AA911C6}.Release|ARM.ActiveCfg = Release|Any CPU
		{1AF635BF-D0B9-4831-9A7B-0F8C0AA911C6}.Release|ARM.Build.0 = Release|Any CPU
		{1AF635BF-D0B9-4831-9A7B-0F8C0AA911C6}.Release|ARM64.ActiveCfg = Release|Any CPU
		{1AF635BF-D0B9-4831-9A7B-0F8C0AA911C6}.Release|ARM64.Build.0 = Release|Any CPU
		{1AF635BF-D0B9-4831-9A7B-0F8C0AA911C6}.Release|x64.ActiveCfg = Release|Any CPU
		{1AF635BF-D0B9-4831-9A7B-0F8C0AA911C6}.Release|x64.Build.0 = Release|Any CPU
		{1AF635BF-D0B9-4831-9A7B-0F8C0AA911C6}.Release|x86.ActiveCfg = Release|Any CPU
		{1AF635BF-D0B9-4831-9A7B-0F8C0AA911C6}.Release|x86.Build.0 = Release|Any CPU
	EndGlobalSection
	GlobalSection(SolutionProperties) = preSolution
		HideSolutionNode = FALSE
	EndGlobalSection
	GlobalSection(NestedProjects) = preSolution
		{C877F65A-2432-4FE0-8E63-CFB869481B4A} = {F7589824-2F24-4001-92F4-0A7AC1C9ECC0}
		{0B5FF675-105C-42A3-BF5D-118C0AE8E405} = {0A8C48BF-39E4-4F01-A3A9-F3508B114D5D}
		{FC3EB86B-775C-401F-8F97-D9BCDBDF7DBD} = {9CB34AA5-F4B4-4929-81B9-2DAF6B402EE4}
		{117FBDB2-1854-438F-BA01-5228C9A5B3EA} = {3D21DC94-DC06-4C68-BEDB-D85DE44F2948}
		{39742894-152C-44AC-8758-9BE9BADF587A} = {3D21DC94-DC06-4C68-BEDB-D85DE44F2948}
		{B9B4A757-3ED8-42D2-8EF9-43625C94EE51} = {9D387CED-6368-4859-9C1B-CBBF971D714E}
		{20F16C0C-BD49-4B18-AED4-FCA9EDB3CA58} = {9D387CED-6368-4859-9C1B-CBBF971D714E}
		{E5025BD1-DA9B-4E37-AD10-F5363A657189} = {9D387CED-6368-4859-9C1B-CBBF971D714E}
		{45B3EB09-B0AE-4B96-8230-5B4BDA4231FE} = {20F16C0C-BD49-4B18-AED4-FCA9EDB3CA58}
		{B70F5FC7-2153-4E4C-B9AF-73D18AD254FA} = {E5025BD1-DA9B-4E37-AD10-F5363A657189}
		{F0B49350-8E8F-42DD-B9E1-C51B79F948EC} = {B9B4A757-3ED8-42D2-8EF9-43625C94EE51}
		{4BE12350-7605-4405-9EA0-5F07B7B01782} = {F7589824-2F24-4001-92F4-0A7AC1C9ECC0}
		{92EA359E-E3AA-4B1E-98A2-D635404D9383} = {3D21DC94-DC06-4C68-BEDB-D85DE44F2948}
		{08BB97E7-4E3F-4186-9A1E-DAB6563F9977} = {20F16C0C-BD49-4B18-AED4-FCA9EDB3CA58}
		{8F98A7CC-576A-485E-BF24-B1431A57BA2C} = {E5025BD1-DA9B-4E37-AD10-F5363A657189}
		{1AF635BF-D0B9-4831-9A7B-0F8C0AA911C6} = {B9B4A757-3ED8-42D2-8EF9-43625C94EE51}
	EndGlobalSection
	GlobalSection(ExtensibilityGlobals) = postSolution
		SolutionGuid = {B6B4FEEC-6CAE-4BB6-99E4-2E890AA9210C}
	EndGlobalSection
EndGlobal
